
Microsoft Visual Studio Solution File, Format Version 12.00
# Visual Studio Version 16
VisualStudioVersion = 16.0.30907.101
MinimumVisualStudioVersion = 10.0.40219.1
Project("{FAE04EC0-301F-11D3-BF4B-00C04F79EFBC}") = "Eshop.Client", "Eshop.Client\Eshop.Client.csproj", "{847DFC7E-AD4D-4BAE-8655-10A38793BC59}"
EndProject
Global
	GlobalSection(SolutionConfigurationPlatforms) = preSolution
		Debug|Any CPU = Debug|Any CPU
		Release|Any CPU = Release|Any CPU
	EndGlobalSection
	GlobalSection(ProjectConfigurationPlatforms) = postSolution
		{847DFC7E-AD4D-4BAE-8655-10A38793BC59}.Debug|Any CPU.ActiveCfg = Debug|Any CPU
		{847DFC7E-AD4D-4BAE-8655-10A38793BC59}.Debug|Any CPU.Build.0 = Debug|Any CPU
		{847DFC7E-AD4D-4BAE-8655-10A38793BC59}.Release|Any CPU.ActiveCfg = Release|Any CPU
		{847DFC7E-AD4D-4BAE-8655-10A38793BC59}.Release|Any CPU.Build.0 = Release|Any CPU
	EndGlobalSection
	GlobalSection(SolutionProperties) = preSolution
		HideSolutionNode = FALSE
	EndGlobalSection
	GlobalSection(ExtensibilityGlobals) = postSolution
		SolutionGuid = {82E3B935-BA55-4450-8450-EEA4DEB905B1}
	EndGlobalSection
EndGlobal
